
Microsoft Visual Studio Solution File, Format Version 12.00
# Visual Studio Version 17
VisualStudioVersion = 17.4.33205.214
MinimumVisualStudioVersion = 10.0.40219.1
Project("{FAE04EC0-301F-11D3-BF4B-00C04F79EFBC}") = "H3Dex.WebApi", "..\..\src\H3Dex.WebApi\H3Dex.WebApi.csproj", "{2100DC94-49B0-49E6-9195-582892CAE6E4}"
EndProject
Project("{2150E333-8FDC-42A3-9474-1A3956D46DE8}") = "web", "web", "{67FA589D-EA81-40D9-9DA9-F349C3FCE7A1}"
EndProject
Global
	GlobalSection(SolutionConfigurationPlatforms) = preSolution
		Debug|Any CPU = Debug|Any CPU
		Release|Any CPU = Release|Any CPU
	EndGlobalSection
	GlobalSection(ProjectConfigurationPlatforms) = postSolution
		{2100DC94-49B0-49E6-9195-582892CAE6E4}.Debug|Any CPU.ActiveCfg = Debug|Any CPU
		{2100DC94-49B0-49E6-9195-582892CAE6E4}.Debug|Any CPU.Build.0 = Debug|Any CPU
		{2100DC94-49B0-49E6-9195-582892CAE6E4}.Release|Any CPU.ActiveCfg = Release|Any CPU
		{2100DC94-49B0-49E6-9195-582892CAE6E4}.Release|Any CPU.Build.0 = Release|Any CPU
	EndGlobalSection
	GlobalSection(SolutionProperties) = preSolution
		HideSolutionNode = FALSE
	EndGlobalSection
	GlobalSection(NestedProjects) = preSolution
		{2100DC94-49B0-49E6-9195-582892CAE6E4} = {67FA589D-EA81-40D9-9DA9-F349C3FCE7A1}
	EndGlobalSection
	GlobalSection(ExtensibilityGlobals) = postSolution
		SolutionGuid = {1F069F3D-E389-480F-AC29-2AD35236002B}
	EndGlobalSection
EndGlobal
